
Microsoft Visual Studio Solution File, Format Version 12.00
# Visual Studio 15
VisualStudioVersion = 15.0.27703.2042
MinimumVisualStudioVersion = 10.0.40219.1
Project("{FAE04EC0-301F-11D3-BF4B-00C04F79EFBC}") = "SignalRMVC", "SignalRMVC\SignalRMVC.csproj", "{18A9E81D-1A8C-4617-A02F-152E0453B663}"
EndProject
Global
	GlobalSection(SolutionConfigurationPlatforms) = preSolution
		Debug|Any CPU = Debug|Any CPU
		Release|Any CPU = Release|Any CPU
	EndGlobalSection
	GlobalSection(ProjectConfigurationPlatforms) = postSolution
		{18A9E81D-1A8C-4617-A02F-152E0453B663}.Debug|Any CPU.ActiveCfg = Debug|Any CPU
		{18A9E81D-1A8C-4617-A02F-152E0453B663}.Debug|Any CPU.Build.0 = Debug|Any CPU
		{18A9E81D-1A8C-4617-A02F-152E0453B663}.Release|Any CPU.ActiveCfg = Release|Any CPU
		{18A9E81D-1A8C-4617-A02F-152E0453B663}.Release|Any CPU.Build.0 = Release|Any CPU
	EndGlobalSection
	GlobalSection(SolutionProperties) = preSolution
		HideSolutionNode = FALSE
	EndGlobalSection
	GlobalSection(ExtensibilityGlobals) = postSolution
		SolutionGuid = {336207F6-6DC1-445F-AC63-AE5E49EF8DF3}
	EndGlobalSection
EndGlobal
